Microsoft Visual Studio Solution File, Format Version 11.00
# Visual Studio 2008

Project("{74471CAB-24BA-AB71-2E46-A253F2FB1186}") = "Eyescape_unity", "Assembly-CSharp.csproj", "{55FF3422-CB62-5714-EC14-DA7093A626E8}"
EndProject
Project("{74471CAB-24BA-AB71-2E46-A253F2FB1186}") = "Eyescape_unity", "Assembly-CSharp-Editor.csproj", "{1311BB4A-D868-B138-3B37-8608528C044A}"
EndProject
Global
	GlobalSection(SolutionConfigurationPlatforms) = preSolution
		Debug|Any CPU = Debug|Any CPU
		Release|Any CPU = Release|Any CPU
	EndGlobalSection
	GlobalSection(ProjectConfigurationPlatforms) = postSolution
		{55FF3422-CB62-5714-EC14-DA7093A626E8}.Debug|Any CPU.ActiveCfg = Debug|Any CPU
		{55FF3422-CB62-5714-EC14-DA7093A626E8}.Debug|Any CPU.Build.0 = Debug|Any CPU
		{55FF3422-CB62-5714-EC14-DA7093A626E8}.Release|Any CPU.ActiveCfg = Release|Any CPU
		{55FF3422-CB62-5714-EC14-DA7093A626E8}.Release|Any CPU.Build.0 = Release|Any CPU
		{1311BB4A-D868-B138-3B37-8608528C044A}.Debug|Any CPU.ActiveCfg = Debug|Any CPU
		{1311BB4A-D868-B138-3B37-8608528C044A}.Debug|Any CPU.Build.0 = Debug|Any CPU
		{1311BB4A-D868-B138-3B37-8608528C044A}.Release|Any CPU.ActiveCfg = Release|Any CPU
		{1311BB4A-D868-B138-3B37-8608528C044A}.Release|Any CPU.Build.0 = Release|Any CPU
	EndGlobalSection
	GlobalSection(SolutionProperties) = preSolution
		HideSolutionNode = FALSE
	EndGlobalSection
	GlobalSection(MonoDevelopProperties) = preSolution
		StartupItem = Assembly-CSharp.csproj
	EndGlobalSection
EndGlobal
